{
  "name": "miniprogram",
  "lockfileVersion": 2,
  "requires": true,
  "packages": {
    "": {
      "dependencies": {
        "@antv/f6-wx": "^0.0.6"
      }
    },
    "node_modules/@antv/f6-wx": {
      "version": "0.0.6",
      "resolved": "https://mirrors.cloud.tencent.com/npm/@antv%2ff6-wx/-/f6-wx-0.0.6.tgz",
      "integrity": "sha512-Hgcj41EeHxuc3iJPvwsLoc2+mcjwdUVCOs4XjvaP9BerspWKAuPeOjNLrHhYKtP8jNzo4RuT7Ng2YCGXVlTlyw==",
      "license": "MIT"
    }
  },
  "dependencies": {
    "@antv/f6-wx": {
      "version": "0.0.6",
      "resolved": "https://mirrors.cloud.tencent.com/npm/@antv%2ff6-wx/-/f6-wx-0.0.6.tgz",
      "integrity": "sha512-Hgcj41EeHxuc3iJPvwsLoc2+mcjwdUVCOs4XjvaP9BerspWKAuPeOjNLrHhYKtP8jNzo4RuT7Ng2YCGXVlTlyw=="
    }
  }
}
